
Microsoft Visual Studio Solution File, Format Version 12.00
# Visual Studio Version 17
VisualStudioVersion = 17.9.34723.18
MinimumVisualStudioVersion = 10.0.40219.1
Project("{FAE04EC0-301F-11D3-BF4B-00C04F79EFBC}") = "TP1devops", "TP1devops\TP1devops.csproj", "{1CA446FA-A70E-4403-97D3-0A40E3A612C0}"
EndProject
Project("{FAE04EC0-301F-11D3-BF4B-00C04F79EFBC}") = "Repository", "Repository\Repository.csproj", "{BAA8A511-BEEB-455F-A0EB-FC77ADAA3752}"
EndProject
Project("{FAE04EC0-301F-11D3-BF4B-00C04F79EFBC}") = "Domain", "Domain\Domain.csproj", "{131D3CA8-11F8-4EEC-BD85-49D9E61C1A9C}"
EndProject
Project("{FAE04EC0-301F-11D3-BF4B-00C04F79EFBC}") = "Application", "Application\Application.csproj", "{EB25B95E-7EA3-4237-BD2B-EE9321CB0C5D}"
EndProject
Global
	GlobalSection(SolutionConfigurationPlatforms) = preSolution
		Debug|Any CPU = Debug|Any CPU
		Release|Any CPU = Release|Any CPU
	EndGlobalSection
	GlobalSection(ProjectConfigurationPlatforms) = postSolution
		{1CA446FA-A70E-4403-97D3-0A40E3A612C0}.Debug|Any CPU.ActiveCfg = Debug|Any CPU
		{1CA446FA-A70E-4403-97D3-0A40E3A612C0}.Debug|Any CPU.Build.0 = Debug|Any CPU
		{1CA446FA-A70E-4403-97D3-0A40E3A612C0}.Release|Any CPU.ActiveCfg = Release|Any CPU
		{1CA446FA-A70E-4403-97D3-0A40E3A612C0}.Release|Any CPU.Build.0 = Release|Any CPU
		{BAA8A511-BEEB-455F-A0EB-FC77ADAA3752}.Debug|Any CPU.ActiveCfg = Debug|Any CPU
		{BAA8A511-BEEB-455F-A0EB-FC77ADAA3752}.Debug|Any CPU.Build.0 = Debug|Any CPU
		{BAA8A511-BEEB-455F-A0EB-FC77ADAA3752}.Release|Any CPU.ActiveCfg = Release|Any CPU
		{BAA8A511-BEEB-455F-A0EB-FC77ADAA3752}.Release|Any CPU.Build.0 = Release|Any CPU
		{131D3CA8-11F8-4EEC-BD85-49D9E61C1A9C}.Debug|Any CPU.ActiveCfg = Debug|Any CPU
		{131D3CA8-11F8-4EEC-BD85-49D9E61C1A9C}.Debug|Any CPU.Build.0 = Debug|Any CPU
		{131D3CA8-11F8-4EEC-BD85-49D9E61C1A9C}.Release|Any CPU.ActiveCfg = Release|Any CPU
		{131D3CA8-11F8-4EEC-BD85-49D9E61C1A9C}.Release|Any CPU.Build.0 = Release|Any CPU
		{EB25B95E-7EA3-4237-BD2B-EE9321CB0C5D}.Debug|Any CPU.ActiveCfg = Debug|Any CPU
		{EB25B95E-7EA3-4237-BD2B-EE9321CB0C5D}.Debug|Any CPU.Build.0 = Debug|Any CPU
		{EB25B95E-7EA3-4237-BD2B-EE9321CB0C5D}.Release|Any CPU.ActiveCfg = Release|Any CPU
		{EB25B95E-7EA3-4237-BD2B-EE9321CB0C5D}.Release|Any CPU.Build.0 = Release|Any CPU
	EndGlobalSection
	GlobalSection(SolutionProperties) = preSolution
		HideSolutionNode = FALSE
	EndGlobalSection
	GlobalSection(ExtensibilityGlobals) = postSolution
		SolutionGuid = {8580D344-011E-456C-8119-C639C260C6C7}
	EndGlobalSection
EndGlobal
